
Microsoft Visual Studio Solution File, Format Version 12.00
# Visual Studio Version 17
VisualStudioVersion = 17.10.34916.146
MinimumVisualStudioVersion = 10.0.40219.1
Project("{9A19103F-16F7-4668-BE54-9A1E7A4F7556}") = "Media Service", "Media Service.csproj", "{51AE83A8-A1A6-494E-A31A-D2B930107A7C}"
EndProject
Project("{FAE04EC0-301F-11D3-BF4B-00C04F79EFBC}") = "Media Serivce.Tests", "..\Media Serivce.Tests\Media Serivce.Tests.csproj", "{1A6B0713-BC6B-414B-B4EA-381C85B7A754}"
EndProject
Global
	GlobalSection(SolutionConfigurationPlatforms) = preSolution
		Debug|Any CPU = Debug|Any CPU
		Release|Any CPU = Release|Any CPU
	EndGlobalSection
	GlobalSection(ProjectConfigurationPlatforms) = postSolution
		{51AE83A8-A1A6-494E-A31A-D2B930107A7C}.Debug|Any CPU.ActiveCfg = Debug|Any CPU
		{51AE83A8-A1A6-494E-A31A-D2B930107A7C}.Debug|Any CPU.Build.0 = Debug|Any CPU
		{51AE83A8-A1A6-494E-A31A-D2B930107A7C}.Release|Any CPU.ActiveCfg = Release|Any CPU
		{51AE83A8-A1A6-494E-A31A-D2B930107A7C}.Release|Any CPU.Build.0 = Release|Any CPU
		{1A6B0713-BC6B-414B-B4EA-381C85B7A754}.Debug|Any CPU.ActiveCfg = Debug|Any CPU
		{1A6B0713-BC6B-414B-B4EA-381C85B7A754}.Debug|Any CPU.Build.0 = Debug|Any CPU
		{1A6B0713-BC6B-414B-B4EA-381C85B7A754}.Release|Any CPU.ActiveCfg = Release|Any CPU
		{1A6B0713-BC6B-414B-B4EA-381C85B7A754}.Release|Any CPU.Build.0 = Release|Any CPU
	EndGlobalSection
	GlobalSection(SolutionProperties) = preSolution
		HideSolutionNode = FALSE
	EndGlobalSection
	GlobalSection(ExtensibilityGlobals) = postSolution
		SolutionGuid = {73ADE8B7-02F8-45E0-AED5-042086982B19}
	EndGlobalSection
EndGlobal
